
Microsoft Visual Studio Solution File, Format Version 12.00
# Visual Studio 2012
Project("{FAE04EC0-301F-11D3-BF4B-00C04F79EFBC}") = "HabraStatsService", "HabraStatsService\HabraStatsService.csproj", "{F8B38E53-7884-4B54-9595-073F2567AFEB}"
EndProject
Project("{FAE04EC0-301F-11D3-BF4B-00C04F79EFBC}") = "HabrApiTests", "HabraStatsServiceTest\HabrApiTests.csproj", "{CD0660C3-9029-430F-A306-D1316CDF6746}"
EndProject
Project("{FAE04EC0-301F-11D3-BF4B-00C04F79EFBC}") = "HabrApi", "HabrApi\HabrApi.csproj", "{8169309A-27E8-4C64-B917-8AB83495DE04}"
EndProject
Project("{FAE04EC0-301F-11D3-BF4B-00C04F79EFBC}") = "HabrCacheLoader", "HabrCacheLoader\HabrCacheLoader.csproj", "{14B9E6D1-9687-463C-BCF4-904A12CCD5D5}"
EndProject
Global
	GlobalSection(SolutionConfigurationPlatforms) = preSolution
		Debug|Any CPU = Debug|Any CPU
		Release|Any CPU = Release|Any CPU
	EndGlobalSection
	GlobalSection(ProjectConfigurationPlatforms) = postSolution
		{F8B38E53-7884-4B54-9595-073F2567AFEB}.Debug|Any CPU.ActiveCfg = Debug|Any CPU
		{F8B38E53-7884-4B54-9595-073F2567AFEB}.Debug|Any CPU.Build.0 = Debug|Any CPU
		{F8B38E53-7884-4B54-9595-073F2567AFEB}.Release|Any CPU.ActiveCfg = Release|Any CPU
		{F8B38E53-7884-4B54-9595-073F2567AFEB}.Release|Any CPU.Build.0 = Release|Any CPU
		{CD0660C3-9029-430F-A306-D1316CDF6746}.Debug|Any CPU.ActiveCfg = Debug|Any CPU
		{CD0660C3-9029-430F-A306-D1316CDF6746}.Debug|Any CPU.Build.0 = Debug|Any CPU
		{CD0660C3-9029-430F-A306-D1316CDF6746}.Release|Any CPU.ActiveCfg = Release|Any CPU
		{CD0660C3-9029-430F-A306-D1316CDF6746}.Release|Any CPU.Build.0 = Release|Any CPU
		{8169309A-27E8-4C64-B917-8AB83495DE04}.Debug|Any CPU.ActiveCfg = Debug|Any CPU
		{8169309A-27E8-4C64-B917-8AB83495DE04}.Debug|Any CPU.Build.0 = Debug|Any CPU
		{8169309A-27E8-4C64-B917-8AB83495DE04}.Release|Any CPU.ActiveCfg = Release|Any CPU
		{8169309A-27E8-4C64-B917-8AB83495DE04}.Release|Any CPU.Build.0 = Release|Any CPU
		{14B9E6D1-9687-463C-BCF4-904A12CCD5D5}.Debug|Any CPU.ActiveCfg = Debug|Any CPU
		{14B9E6D1-9687-463C-BCF4-904A12CCD5D5}.Debug|Any CPU.Build.0 = Debug|Any CPU
		{14B9E6D1-9687-463C-BCF4-904A12CCD5D5}.Release|Any CPU.ActiveCfg = Release|Any CPU
		{14B9E6D1-9687-463C-BCF4-904A12CCD5D5}.Release|Any CPU.Build.0 = Release|Any CPU
	EndGlobalSection
	GlobalSection(SolutionProperties) = preSolution
		HideSolutionNode = FALSE
	EndGlobalSection
	GlobalSection(Performance) = preSolution
		HasPerformanceSessions = true
	EndGlobalSection
EndGlobal
